
Microsoft Visual Studio Solution File, Format Version 12.00
# Visual Studio 15
VisualStudioVersion = 15.0.28010.2050
MinimumVisualStudioVersion = 10.0.40219.1
Project("{FAE04EC0-301F-11D3-BF4B-00C04F79EFBC}") = "FalconCalc", "FalconCalc\FalconCalc.csproj", "{8B18A22B-2A60-4E63-8E3F-59E904E6BB7F}"
EndProject
Global
	GlobalSection(SolutionConfigurationPlatforms) = preSolution
		Debug|Any CPU = Debug|Any CPU
		Release|Any CPU = Release|Any CPU
	EndGlobalSection
	GlobalSection(ProjectConfigurationPlatforms) = postSolution
		{8B18A22B-2A60-4E63-8E3F-59E904E6BB7F}.Debug|Any CPU.ActiveCfg = Debug|Any CPU
		{8B18A22B-2A60-4E63-8E3F-59E904E6BB7F}.Debug|Any CPU.Build.0 = Debug|Any CPU
		{8B18A22B-2A60-4E63-8E3F-59E904E6BB7F}.Release|Any CPU.ActiveCfg = Release|Any CPU
		{8B18A22B-2A60-4E63-8E3F-59E904E6BB7F}.Release|Any CPU.Build.0 = Release|Any CPU
	EndGlobalSection
	GlobalSection(SolutionProperties) = preSolution
		HideSolutionNode = FALSE
	EndGlobalSection
	GlobalSection(ExtensibilityGlobals) = postSolution
		SolutionGuid = {C3DC414E-DCED-427F-AE86-FDE2CF908490}
	EndGlobalSection
EndGlobal
